
Microsoft Visual Studio Solution File, Format Version 12.00
# Visual Studio Version 16
VisualStudioVersion = 16.0.30907.101
MinimumVisualStudioVersion = 10.0.40219.1
Project("{FAE04EC0-301F-11D3-BF4B-00C04F79EFBC}") = "Minha1Conexao", "Minha1Conexao\Minha1Conexao.csproj", "{31AC6F0E-B536-4C93-BFEF-37192DE20CF8}"
EndProject
Project("{FAE04EC0-301F-11D3-BF4B-00C04F79EFBC}") = "Minha1Conexao.Data", "Minha1Conexao.Data\Minha1Conexao.Data.csproj", "{9D267FCB-4A9F-4DA1-888D-40056F36DB6D}"
EndProject
Project("{FAE04EC0-301F-11D3-BF4B-00C04F79EFBC}") = "Minha1Conexao.Domain", "Minha1Conexao.Domain\Minha1Conexao.Domain.csproj", "{38F42983-923D-4C20-9644-AFFBDC023FE1}"
EndProject
Global
	GlobalSection(SolutionConfigurationPlatforms) = preSolution
		Debug|Any CPU = Debug|Any CPU
		Release|Any CPU = Release|Any CPU
	EndGlobalSection
	GlobalSection(ProjectConfigurationPlatforms) = postSolution
		{31AC6F0E-B536-4C93-BFEF-37192DE20CF8}.Debug|Any CPU.ActiveCfg = Debug|Any CPU
		{31AC6F0E-B536-4C93-BFEF-37192DE20CF8}.Debug|Any CPU.Build.0 = Debug|Any CPU
		{31AC6F0E-B536-4C93-BFEF-37192DE20CF8}.Release|Any CPU.ActiveCfg = Release|Any CPU
		{31AC6F0E-B536-4C93-BFEF-37192DE20CF8}.Release|Any CPU.Build.0 = Release|Any CPU
		{9D267FCB-4A9F-4DA1-888D-40056F36DB6D}.Debug|Any CPU.ActiveCfg = Debug|Any CPU
		{9D267FCB-4A9F-4DA1-888D-40056F36DB6D}.Debug|Any CPU.Build.0 = Debug|Any CPU
		{9D267FCB-4A9F-4DA1-888D-40056F36DB6D}.Release|Any CPU.ActiveCfg = Release|Any CPU
		{9D267FCB-4A9F-4DA1-888D-40056F36DB6D}.Release|Any CPU.Build.0 = Release|Any CPU
		{38F42983-923D-4C20-9644-AFFBDC023FE1}.Debug|Any CPU.ActiveCfg = Debug|Any CPU
		{38F42983-923D-4C20-9644-AFFBDC023FE1}.Debug|Any CPU.Build.0 = Debug|Any CPU
		{38F42983-923D-4C20-9644-AFFBDC023FE1}.Release|Any CPU.ActiveCfg = Release|Any CPU
		{38F42983-923D-4C20-9644-AFFBDC023FE1}.Release|Any CPU.Build.0 = Release|Any CPU
	EndGlobalSection
	GlobalSection(SolutionProperties) = preSolution
		HideSolutionNode = FALSE
	EndGlobalSection
	GlobalSection(ExtensibilityGlobals) = postSolution
		SolutionGuid = {D2C7EFC6-703B-4054-8DC4-387D4166AED0}
	EndGlobalSection
EndGlobal
